{
  "name": "tinypng-plugin",
  "version": "1.0.0",
  "lockfileVersion": 1,
  "requires": true,
  "dependencies": {
    "@types/node": {
      "version": "17.0.19",
      "resolved": "https://registry.npmjs.org/@types/node/-/node-17.0.19.tgz",
      "integrity": "sha512-PfeQhvcMR4cPFVuYfBN4ifG7p9c+Dlh3yUZR6k+5yQK7wX3gDgVxBly4/WkBRs9x4dmcy1TVl08SY67wwtEvmA==",
      "dev": true
    },
    "console-color-mr": {
      "version": "2.0.2",
      "resolved": "https://registry.npmjs.org/console-color-mr/-/console-color-mr-2.0.2.tgz",
      "integrity": "sha512-uhDBJ1lEmIEw3nhWcYaHeWDPH+SgDIfLk3E7c0lw4mV9y7SC61ARmhat8B86Lm3uBIXsmwU57PtHCvAXTC2HXg=="
    },
    "minimist": {
      "version": "1.2.5",
      "resolved": "https://registry.npmjs.org/minimist/-/minimist-1.2.5.tgz",
      "integrity": "sha512-FM9nNUYrRBAELZQT3xeZQ7fmMOBg6nWNmJKTcgsJeaLstP/UODVpGsr5OhXhhXg6f+qtJ8uiZ+PUxkDWcgIXLw=="
    },
    "progress": {
      "version": "2.0.3",
      "resolved": "https://registry.npmjs.org/progress/-/progress-2.0.3.tgz",
      "integrity": "sha512-7PiHtLll5LdnKIMw100I+8xJXR5gW2QwWYkT6iJva0bXitZKa/XMrSbdmg3r2Xnaidz9Qumd0VPaMrZlF9V9sA=="
    },
    "promise-nodeify": {
      "version": "3.0.1",
      "resolved": "https://registry.npmjs.org/promise-nodeify/-/promise-nodeify-3.0.1.tgz",
      "integrity": "sha512-ghsSuzZXJX8iO7WVec2z7GI+Xk/EyiD+JZK7AZKhUqYfpLa/Zs4ylUD+CwwnKlG6G3HnkUPMAi6PO7zeqGKssg=="
    },
    "proxying-agent": {
      "version": "2.4.0",
      "resolved": "https://registry.npmjs.org/proxying-agent/-/proxying-agent-2.4.0.tgz",
      "integrity": "sha512-b9vDqIcViJZVsWPpQlp9Py74u+Wqd0a+kMkkg7zX58mwNtrNbOChNlRTM7lUrlpiwNzyJCV8+5D8rnZYLDFh7Q=="
    },
    "tinify": {
      "version": "1.6.1",
      "resolved": "https://registry.npmjs.org/tinify/-/tinify-1.6.1.tgz",
      "integrity": "sha512-9XITdFE+p3+W/7HDgDEfxETbAh0vDdul33qo81P0Q+TNR8l6TALDb52MMhs7fWz7i4Pp3y1VdVYEy4EyiF4gUw==",
      "requires": {
        "promise-nodeify": ">= 0.1",
        "proxying-agent": ">= 2.1"
      }
    },
    "typescript": {
      "version": "4.5.5",
      "resolved": "https://registry.npmjs.org/typescript/-/typescript-4.5.5.tgz",
      "integrity": "sha512-TCTIul70LyWe6IJWT8QSYeA54WQe8EjQFU4wY52Fasj5UKx88LNYKCgBEHcOMOrFF1rKGbD8v/xcNWVUq9SymA==",
      "dev": true
    }
  }
}
